
Microsoft Visual Studio Solution File, Format Version 12.00
# Visual Studio Version 16
VisualStudioVersion = 16.0.30711.63
MinimumVisualStudioVersion = 10.0.40219.1
Project("{9A19103F-16F7-4668-BE54-9A1E7A4F7556}") = "BytexDigital.RGSM.Panel.Server", "BytexDigital.RGSM.Panel\Server\BytexDigital.RGSM.Panel.Server.csproj", "{7B236FF3-8C2B-448F-8E26-B98DB1903C0C}"
EndProject
Project("{9A19103F-16F7-4668-BE54-9A1E7A4F7556}") = "BytexDigital.RGSM.Panel.Client", "BytexDigital.RGSM.Panel\Client\BytexDigital.RGSM.Panel.Client.csproj", "{0A28F281-6CE6-474F-B970-F29B3DED7A6D}"
EndProject
Project("{2150E333-8FDC-42A3-9474-1A3956D46DE8}") = "Panel", "Panel", "{957807AF-5DED-44B2-B4F7-FCD09AA7B76B}"
EndProject
Project("{2150E333-8FDC-42A3-9474-1A3956D46DE8}") = "Node", "Node", "{BA9A4D12-2AE4-4293-B930-B43C056647A0}"
EndProject
Project("{2150E333-8FDC-42A3-9474-1A3956D46DE8}") = "Client", "Client", "{B08C1F75-82EE-46A5-AA88-7EDE208245E9}"
EndProject
Project("{2150E333-8FDC-42A3-9474-1A3956D46DE8}") = "Server", "Server", "{2C87B08C-02FF-498C-B652-B38AD7BC3BAB}"
EndProject
Project("{9A19103F-16F7-4668-BE54-9A1E7A4F7556}") = "BytexDigital.RGSM.Panel.Server.Persistence", "BytexDigital.RGSM.Panel.Server.Persistence\BytexDigital.RGSM.Panel.Server.Persistence.csproj", "{B716DF01-75FE-40E3-AE49-EF8C56456FD1}"
EndProject
Project("{9A19103F-16F7-4668-BE54-9A1E7A4F7556}") = "BytexDigital.RGSM.Panel.Server.Domain", "BytexDigital.RGSM.Panel.Server.Domain\BytexDigital.RGSM.Panel.Server.Domain.csproj", "{6AA3F7CE-EC71-4072-92D7-861017336A3B}"
EndProject
Project("{2150E333-8FDC-42A3-9474-1A3956D46DE8}") = "Solution Items", "Solution Items", "{7DD8AA9C-7504-4C01-B204-93A594461F72}"
	ProjectSection(SolutionItems) = preProject
		.editorconfig = .editorconfig
		README.md = README.md
	EndProjectSection
EndProject
Project("{9A19103F-16F7-4668-BE54-9A1E7A4F7556}") = "BytexDigital.RGSM.Panel.Client.Common", "BytexDigital.RGSM.Panel.Client.Common\BytexDigital.RGSM.Panel.Client.Common.csproj", "{866ACBA7-C529-4D27-8CCF-030FE68BEDEE}"
EndProject
Project("{9A19103F-16F7-4668-BE54-9A1E7A4F7556}") = "BytexDigital.RGSM.Panel.Server.Common", "BytexDigital.RGSM.Panel.Server.Common\BytexDigital.RGSM.Panel.Server.Common.csproj", "{3E984694-0C69-4A8D-88CE-04432FFA9EA9}"
EndProject
Project("{9A19103F-16F7-4668-BE54-9A1E7A4F7556}") = "BytexDigital.RGSM.Node", "BytexDigital.RGSM.Node\BytexDigital.RGSM.Node.csproj", "{C7946868-EDCB-4834-BF73-B82ABFDC602F}"
EndProject
Project("{9A19103F-16F7-4668-BE54-9A1E7A4F7556}") = "BytexDigital.RGSM.Node.Application", "BytexDigital.RGSM.Node.Application\BytexDigital.RGSM.Node.Application.csproj", "{63DE3A8B-04F8-4001-98FD-A47ACFE606A8}"
EndProject
Project("{9A19103F-16F7-4668-BE54-9A1E7A4F7556}") = "BytexDigital.RGSM.Panel.Server.Application", "BytexDigital.RGSM.Panel.Server.Application\BytexDigital.RGSM.Panel.Server.Application.csproj", "{1ED05228-6DD8-4439-8D1E-873628DD58D0}"
EndProject
Project("{9A19103F-16F7-4668-BE54-9A1E7A4F7556}") = "BytexDigital.RGSM.Node.Persistence", "BytexDigital.RGSM.Node.Persistence\BytexDigital.RGSM.Node.Persistence.csproj", "{0D7FE390-2802-4676-8699-7ABC4E7CC50C}"
EndProject
Project("{9A19103F-16F7-4668-BE54-9A1E7A4F7556}") = "BytexDigital.RGSM.Node.Domain", "BytexDigital.RGSM.Node.Domain\BytexDigital.RGSM.Node.Domain.csproj", "{B77A41B3-9BED-435D-8270-1FF3AE485F4A}"
EndProject
Project("{9A19103F-16F7-4668-BE54-9A1E7A4F7556}") = "BytexDigital.RGSM.Panel.Server.TransferObjects", "BytexDigital.RGSM.Panel.Server.TransferObjects\BytexDigital.RGSM.Panel.Server.TransferObjects.csproj", "{3F508770-9D92-489F-B877-BE3CA67B2980}"
EndProject
Project("{9A19103F-16F7-4668-BE54-9A1E7A4F7556}") = "BytexDigital.RGSM.Node.TransferObjects", "BytexDigital.RGSM.Node.TransferObjects\BytexDigital.RGSM.Node.TransferObjects.csproj", "{DADE6B86-BE22-43D9-943B-5034CB38DD8F}"
EndProject
Project("{9A19103F-16F7-4668-BE54-9A1E7A4F7556}") = "BytexDigital.RGSM.Shared", "BytexDigital.RGSM.Shared\BytexDigital.RGSM.Shared.csproj", "{3456D0EF-2D88-4D6E-91AB-1DB9FD60BA77}"
EndProject
Global
	GlobalSection(SolutionConfigurationPlatforms) = preSolution
		Debug|Any CPU = Debug|Any CPU
		Release|Any CPU = Release|Any CPU
	EndGlobalSection
	GlobalSection(ProjectConfigurationPlatforms) = postSolution
		{7B236FF3-8C2B-448F-8E26-B98DB1903C0C}.Debug|Any CPU.ActiveCfg = Debug|Any CPU
		{7B236FF3-8C2B-448F-8E26-B98DB1903C0C}.Debug|Any CPU.Build.0 = Debug|Any CPU
		{7B236FF3-8C2B-448F-8E26-B98DB1903C0C}.Release|Any CPU.ActiveCfg = Release|Any CPU
		{7B236FF3-8C2B-448F-8E26-B98DB1903C0C}.Release|Any CPU.Build.0 = Release|Any CPU
		{0A28F281-6CE6-474F-B970-F29B3DED7A6D}.Debug|Any CPU.ActiveCfg = Debug|Any CPU
		{0A28F281-6CE6-474F-B970-F29B3DED7A6D}.Debug|Any CPU.Build.0 = Debug|Any CPU
		{0A28F281-6CE6-474F-B970-F29B3DED7A6D}.Release|Any CPU.ActiveCfg = Release|Any CPU
		{0A28F281-6CE6-474F-B970-F29B3DED7A6D}.Release|Any CPU.Build.0 = Release|Any CPU
		{B716DF01-75FE-40E3-AE49-EF8C56456FD1}.Debug|Any CPU.ActiveCfg = Debug|Any CPU
		{B716DF01-75FE-40E3-AE49-EF8C56456FD1}.Debug|Any CPU.Build.0 = Debug|Any CPU
		{B716DF01-75FE-40E3-AE49-EF8C56456FD1}.Release|Any CPU.ActiveCfg = Release|Any CPU
		{B716DF01-75FE-40E3-AE49-EF8C56456FD1}.Release|Any CPU.Build.0 = Release|Any CPU
		{6AA3F7CE-EC71-4072-92D7-861017336A3B}.Debug|Any CPU.ActiveCfg = Debug|Any CPU
		{6AA3F7CE-EC71-4072-92D7-861017336A3B}.Debug|Any CPU.Build.0 = Debug|Any CPU
		{6AA3F7CE-EC71-4072-92D7-861017336A3B}.Release|Any CPU.ActiveCfg = Release|Any CPU
		{6AA3F7CE-EC71-4072-92D7-861017336A3B}.Release|Any CPU.Build.0 = Release|Any CPU
		{866ACBA7-C529-4D27-8CCF-030FE68BEDEE}.Debug|Any CPU.ActiveCfg = Debug|Any CPU
		{866ACBA7-C529-4D27-8CCF-030FE68BEDEE}.Debug|Any CPU.Build.0 = Debug|Any CPU
		{866ACBA7-C529-4D27-8CCF-030FE68BEDEE}.Release|Any CPU.ActiveCfg = Release|Any CPU
		{866ACBA7-C529-4D27-8CCF-030FE68BEDEE}.Release|Any CPU.Build.0 = Release|Any CPU
		{3E984694-0C69-4A8D-88CE-04432FFA9EA9}.Debug|Any CPU.ActiveCfg = Debug|Any CPU
		{3E984694-0C69-4A8D-88CE-04432FFA9EA9}.Debug|Any CPU.Build.0 = Debug|Any CPU
		{3E984694-0C69-4A8D-88CE-04432FFA9EA9}.Release|Any CPU.ActiveCfg = Release|Any CPU
		{3E984694-0C69-4A8D-88CE-04432FFA9EA9}.Release|Any CPU.Build.0 = Release|Any CPU
		{C7946868-EDCB-4834-BF73-B82ABFDC602F}.Debug|Any CPU.ActiveCfg = Debug|Any CPU
		{C7946868-EDCB-4834-BF73-B82ABFDC602F}.Debug|Any CPU.Build.0 = Debug|Any CPU
		{C7946868-EDCB-4834-BF73-B82ABFDC602F}.Release|Any CPU.ActiveCfg = Release|Any CPU
		{C7946868-EDCB-4834-BF73-B82ABFDC602F}.Release|Any CPU.Build.0 = Release|Any CPU
		{63DE3A8B-04F8-4001-98FD-A47ACFE606A8}.Debug|Any CPU.ActiveCfg = Debug|Any CPU
		{63DE3A8B-04F8-4001-98FD-A47ACFE606A8}.Debug|Any CPU.Build.0 = Debug|Any CPU
		{63DE3A8B-04F8-4001-98FD-A47ACFE606A8}.Release|Any CPU.ActiveCfg = Release|Any CPU
		{63DE3A8B-04F8-4001-98FD-A47ACFE606A8}.Release|Any CPU.Build.0 = Release|Any CPU
		{1ED05228-6DD8-4439-8D1E-873628DD58D0}.Debug|Any CPU.ActiveCfg = Debug|Any CPU
		{1ED05228-6DD8-4439-8D1E-873628DD58D0}.Debug|Any CPU.Build.0 = Debug|Any CPU
		{1ED05228-6DD8-4439-8D1E-873628DD58D0}.Release|Any CPU.ActiveCfg = Release|Any CPU
		{1ED05228-6DD8-4439-8D1E-873628DD58D0}.Release|Any CPU.Build.0 = Release|Any CPU
		{0D7FE390-2802-4676-8699-7ABC4E7CC50C}.Debug|Any CPU.ActiveCfg = Debug|Any CPU
		{0D7FE390-2802-4676-8699-7ABC4E7CC50C}.Debug|Any CPU.Build.0 = Debug|Any CPU
		{0D7FE390-2802-4676-8699-7ABC4E7CC50C}.Release|Any CPU.ActiveCfg = Release|Any CPU
		{0D7FE390-2802-4676-8699-7ABC4E7CC50C}.Release|Any CPU.Build.0 = Release|Any CPU
		{B77A41B3-9BED-435D-8270-1FF3AE485F4A}.Debug|Any CPU.ActiveCfg = Debug|Any CPU
		{B77A41B3-9BED-435D-8270-1FF3AE485F4A}.Debug|Any CPU.Build.0 = Debug|Any CPU
		{B77A41B3-9BED-435D-8270-1FF3AE485F4A}.Release|Any CPU.ActiveCfg = Release|Any CPU
		{B77A41B3-9BED-435D-8270-1FF3AE485F4A}.Release|Any CPU.Build.0 = Release|Any CPU
		{3F508770-9D92-489F-B877-BE3CA67B2980}.Debug|Any CPU.ActiveCfg = Debug|Any CPU
		{3F508770-9D92-489F-B877-BE3CA67B2980}.Debug|Any CPU.Build.0 = Debug|Any CPU
		{3F508770-9D92-489F-B877-BE3CA67B2980}.Release|Any CPU.ActiveCfg = Release|Any CPU
		{3F508770-9D92-489F-B877-BE3CA67B2980}.Release|Any CPU.Build.0 = Release|Any CPU
		{DADE6B86-BE22-43D9-943B-5034CB38DD8F}.Debug|Any CPU.ActiveCfg = Debug|Any CPU
		{DADE6B86-BE22-43D9-943B-5034CB38DD8F}.Debug|Any CPU.Build.0 = Debug|Any CPU
		{DADE6B86-BE22-43D9-943B-5034CB38DD8F}.Release|Any CPU.ActiveCfg = Release|Any CPU
		{DADE6B86-BE22-43D9-943B-5034CB38DD8F}.Release|Any CPU.Build.0 = Release|Any CPU
		{3456D0EF-2D88-4D6E-91AB-1DB9FD60BA77}.Debug|Any CPU.ActiveCfg = Debug|Any CPU
		{3456D0EF-2D88-4D6E-91AB-1DB9FD60BA77}.Debug|Any CPU.Build.0 = Debug|Any CPU
		{3456D0EF-2D88-4D6E-91AB-1DB9FD60BA77}.Release|Any CPU.ActiveCfg = Release|Any CPU
		{3456D0EF-2D88-4D6E-91AB-1DB9FD60BA77}.Release|Any CPU.Build.0 = Release|Any CPU
	EndGlobalSection
	GlobalSection(SolutionProperties) = preSolution
		HideSolutionNode = FALSE
	EndGlobalSection
	GlobalSection(NestedProjects) = preSolution
		{7B236FF3-8C2B-448F-8E26-B98DB1903C0C} = {2C87B08C-02FF-498C-B652-B38AD7BC3BAB}
		{0A28F281-6CE6-474F-B970-F29B3DED7A6D} = {B08C1F75-82EE-46A5-AA88-7EDE208245E9}
		{B08C1F75-82EE-46A5-AA88-7EDE208245E9} = {957807AF-5DED-44B2-B4F7-FCD09AA7B76B}
		{2C87B08C-02FF-498C-B652-B38AD7BC3BAB} = {957807AF-5DED-44B2-B4F7-FCD09AA7B76B}
		{B716DF01-75FE-40E3-AE49-EF8C56456FD1} = {2C87B08C-02FF-498C-B652-B38AD7BC3BAB}
		{6AA3F7CE-EC71-4072-92D7-861017336A3B} = {2C87B08C-02FF-498C-B652-B38AD7BC3BAB}
		{866ACBA7-C529-4D27-8CCF-030FE68BEDEE} = {B08C1F75-82EE-46A5-AA88-7EDE208245E9}
		{3E984694-0C69-4A8D-88CE-04432FFA9EA9} = {2C87B08C-02FF-498C-B652-B38AD7BC3BAB}
		{C7946868-EDCB-4834-BF73-B82ABFDC602F} = {BA9A4D12-2AE4-4293-B930-B43C056647A0}
		{63DE3A8B-04F8-4001-98FD-A47ACFE606A8} = {BA9A4D12-2AE4-4293-B930-B43C056647A0}
		{1ED05228-6DD8-4439-8D1E-873628DD58D0} = {2C87B08C-02FF-498C-B652-B38AD7BC3BAB}
		{0D7FE390-2802-4676-8699-7ABC4E7CC50C} = {BA9A4D12-2AE4-4293-B930-B43C056647A0}
		{B77A41B3-9BED-435D-8270-1FF3AE485F4A} = {BA9A4D12-2AE4-4293-B930-B43C056647A0}
		{3F508770-9D92-489F-B877-BE3CA67B2980} = {2C87B08C-02FF-498C-B652-B38AD7BC3BAB}
		{DADE6B86-BE22-43D9-943B-5034CB38DD8F} = {BA9A4D12-2AE4-4293-B930-B43C056647A0}
	EndGlobalSection
	GlobalSection(ExtensibilityGlobals) = postSolution
		SolutionGuid = {420AF76E-6626-4D27-AC5C-F195F3DB2854}
	EndGlobalSection
EndGlobal
